// !$*UTF8*$!
{
	archiveVersion = 1;
	classes = {
	};
	objectVersion = 50;
	objects = {

/* Begin PBXBuildFile section */
		1B0E8CD22329A8C7005DCE3E /* AddListModal_VC.swift in Sources */ = {isa = PBXBuildFile; fileRef = 1B0E8CD12329A8C7005DCE3E /* AddListModal_VC.swift */; };
		1B0E8CD42329C378005DCE3E /* DesignableView.swift in Sources */ = {isa = PBXBuildFile; fileRef = 1B0E8CD32329C378005DCE3E /* DesignableView.swift */; };
		1B0E8CD6232ABB87005DCE3E /* ListDetail_VC.swift in Sources */ = {isa = PBXBuildFile; fileRef = 1B0E8CD5232ABB87005DCE3E /* ListDetail_VC.swift */; };
		1B0E8CD8232AD67A005DCE3E /* TaskCellView.swift in Sources */ = {isa = PBXBuildFile; fileRef = 1B0E8CD7232AD67A005DCE3E /* TaskCellView.swift */; };
		1B7299C22329642A00218BBF /* ListCellView.swift in Sources */ = {isa = PBXBuildFile; fileRef = 1B7299C12329642A00218BBF /* ListCellView.swift */; };
		1BE0BBA32326DBC400B18F20 /* Task.swift in Sources */ = {isa = PBXBuildFile; fileRef = 1BE0BBA22326DBC400B18F20 /* Task.swift */; };
		1BE0BBA52327233100B18F20 /* List.swift in Sources */ = {isa = PBXBuildFile; fileRef = 1BE0BBA42327233100B18F20 /* List.swift */; };
		1BE0BBA923272B7600B18F20 /* ListManager.swift in Sources */ = {isa = PBXBuildFile; fileRef = 1BE0BBA823272B7600B18F20 /* ListManager.swift */; };
		1BE1CFF323231B6700EC3FD2 /* AppDelegate.swift in Sources */ = {isa = PBXBuildFile; fileRef = 1BE1CFF223231B6700EC3FD2 /* AppDelegate.swift */; };
		1BE1CFF523231B6700EC3FD2 /* Lists_VC.swift in Sources */ = {isa = PBXBuildFile; fileRef = 1BE1CFF423231B6700EC3FD2 /* Lists_VC.swift */; };
		1BE1CFF823231B6700EC3FD2 /* Main.storyboard in Resources */ = {isa = PBXBuildFile; fileRef = 1BE1CFF623231B6700EC3FD2 /* Main.storyboard */; };
		1BE1CFFA23231B6A00EC3FD2 /* Assets.xcassets in Resources */ = {isa = PBXBuildFile; fileRef = 1BE1CFF923231B6A00EC3FD2 /* Assets.xcassets */; };
		1BE1CFFD23231B6A00EC3FD2 /* LaunchScreen.storyboard in Resources */ = {isa = PBXBuildFile; fileRef = 1BE1CFFB23231B6A00EC3FD2 /* LaunchScreen.storyboard */; };
		1BE1D00823231B6A00EC3FD2 /* FamHubTests.swift in Sources */ = {isa = PBXBuildFile; fileRef = 1BE1D00723231B6A00EC3FD2 /* FamHubTests.swift */; };
		1BE1D01323231B6A00EC3FD2 /* FamHubUITests.swift in Sources */ = {isa = PBXBuildFile; fileRef = 1BE1D01223231B6A00EC3FD2 /* FamHubUITests.swift */; };
		1BE1D026232481A500EC3FD2 /* NetworkOperation.swift in Sources */ = {isa = PBXBuildFile; fileRef = 1BE1D025232481A500EC3FD2 /* NetworkOperation.swift */; };
		B92ED7A4BE9A93647A07B86B /* Pods_FamHub.framework in Frameworks */ = {isa = PBXBuildFile; fileRef = 6A0C554C12B2D966D932C3DF /* Pods_FamHub.framework */; };
/* End PBXBuildFile section */

/* Begin PBXContainerItemProxy section */
		1BE1D00423231B6A00EC3FD2 /* PBXContainerItemProxy */ = {
			isa = PBXContainerItemProxy;
			containerPortal = 1BE1CFE723231B6700EC3FD2 /* Project object */;
			proxyType = 1;
			remoteGlobalIDString = 1BE1CFEE23231B6700EC3FD2;
			remoteInfo = FamHub;
		};
		1BE1D00F23231B6A00EC3FD2 /* PBXContainerItemProxy */ = {
			isa = PBXContainerItemProxy;
			containerPortal = 1BE1CFE723231B6700EC3FD2 /* Project object */;
			proxyType = 1;
			remoteGlobalIDString = 1BE1CFEE23231B6700EC3FD2;
			remoteInfo = FamHub;
		};
/* End PBXContainerItemProxy section */

/* Begin PBXFileReference section */
		1B0E8CD12329A8C7005DCE3E /* AddListModal_VC.swift */ = {isa = PBXFileReference; lastKnownFileType = sourcecode.swift; path = AddListModal_VC.swift; sourceTree = "<group>"; };
		1B0E8CD32329C378005DCE3E /* DesignableView.swift */ = {isa = PBXFileReference; lastKnownFileType = sourcecode.swift; path = DesignableView.swift; sourceTree = "<group>"; };
		1B0E8CD5232ABB87005DCE3E /* ListDetail_VC.swift */ = {isa = PBXFileReference; lastKnownFileType = sourcecode.swift; path = ListDetail_VC.swift; sourceTree = "<group>"; };
		1B0E8CD7232AD67A005DCE3E /* TaskCellView.swift */ = {isa = PBXFileReference; lastKnownFileType = sourcecode.swift; path = TaskCellView.swift; sourceTree = "<group>"; };
		1B7299C12329642A00218BBF /* ListCellView.swift */ = {isa = PBXFileReference; lastKnownFileType = sourcecode.swift; path = ListCellView.swift; sourceTree = "<group>"; };
		1BE0BBA22326DBC400B18F20 /* Task.swift */ = {isa = PBXFileReference; lastKnownFileType = sourcecode.swift; path = Task.swift; sourceTree = "<group>"; };
		1BE0BBA42327233100B18F20 /* List.swift */ = {isa = PBXFileReference; lastKnownFileType = sourcecode.swift; path = List.swift; sourceTree = "<group>"; };
		1BE0BBA823272B7600B18F20 /* ListManager.swift */ = {isa = PBXFileReference; lastKnownFileType = sourcecode.swift; path = ListManager.swift; sourceTree = "<group>"; };
		1BE1CFEF23231B6700EC3FD2 /* FamHub.app */ = {isa = PBXFileReference; explicitFileType = wrapper.application; includeInIndex = 0; path = FamHub.app; sourceTree = BUILT_PRODUCTS_DIR; };
		1BE1CFF223231B6700EC3FD2 /* AppDelegate.swift */ = {isa = PBXFileReference; lastKnownFileType = sourcecode.swift; path = AppDelegate.swift; sourceTree = "<group>"; };
		1BE1CFF423231B6700EC3FD2 /* Lists_VC.swift */ = {isa = PBXFileReference; lastKnownFileType = sourcecode.swift; path = Lists_VC.swift; sourceTree = "<group>"; };
		1BE1CFF723231B6700EC3FD2 /* Base */ = {isa = PBXFileReference; lastKnownFileType = file.storyboard; name = Base; path = Base.lproj/Main.storyboard; sourceTree = "<group>"; };
		1BE1CFF923231B6A00EC3FD2 /* Assets.xcassets */ = {isa = PBXFileReference; lastKnownFileType = folder.assetcatalog; path = Assets.xcassets; sourceTree = "<group>"; };
		1BE1CFFC23231B6A00EC3FD2 /* Base */ = {isa = PBXFileReference; lastKnownFileType = file.storyboard; name = Base; path = Base.lproj/LaunchScreen.storyboard; sourceTree = "<group>"; };
		1BE1CFFE23231B6A00EC3FD2 /* Info.plist */ = {isa = PBXFileReference; lastKnownFileType = text.plist.xml; path = Info.plist; sourceTree = "<group>"; };
		1BE1D00323231B6A00EC3FD2 /* FamHubTests.xctest */ = {isa = PBXFileReference; explicitFileType = wrapper.cfbundle; includeInIndex = 0; path = FamHubTests.xctest; sourceTree = BUILT_PRODUCTS_DIR; };
		1BE1D00723231B6A00EC3FD2 /* FamHubTests.swift */ = {isa = PBXFileReference; lastKnownFileType = sourcecode.swift; path = FamHubTests.swift; sourceTree = "<group>"; };
		1BE1D00923231B6A00EC3FD2 /* Info.plist */ = {isa = PBXFileReference; lastKnownFileType = text.plist.xml; path = Info.plist; sourceTree = "<group>"; };
		1BE1D00E23231B6A00EC3FD2 /* FamHubUITests.xctest */ = {isa = PBXFileReference; explicitFileType = wrapper.cfbundle; includeInIndex = 0; path = FamHubUITests.xctest; sourceTree = BUILT_PRODUCTS_DIR; };
		1BE1D01223231B6A00EC3FD2 /* FamHubUITests.swift */ = {isa = PBXFileReference; lastKnownFileType = sourcecode.swift; path = FamHubUITests.swift; sourceTree = "<group>"; };
		1BE1D01423231B6A00EC3FD2 /* Info.plist */ = {isa = PBXFileReference; lastKnownFileType = text.plist.xml; path = Info.plist; sourceTree = "<group>"; };
		1BE1D025232481A500EC3FD2 /* NetworkOperation.swift */ = {isa = PBXFileReference; lastKnownFileType = sourcecode.swift; path = NetworkOperation.swift; sourceTree = "<group>"; };
		6A0C554C12B2D966D932C3DF /* Pods_FamHub.framework */ = {isa = PBXFileReference; explicitFileType = wrapper.framework; includeInIndex = 0; path = Pods_FamHub.framework; sourceTree = BUILT_PRODUCTS_DIR; };
		EEF8061492D5E261AB27E562 /* Pods-FamHub.release.xcconfig */ = {isa = PBXFileReference; includeInIndex = 1; lastKnownFileType = text.xcconfig; name = "Pods-FamHub.release.xcconfig"; path = "Pods/Target Support Files/Pods-FamHub/Pods-FamHub.release.xcconfig"; sourceTree = "<group>"; };
		FC8B1DC8F5B7EB0F6F1ABD8D /* Pods-FamHub.debug.xcconfig */ = {isa = PBXFileReference; includeInIndex = 1; lastKnownFileType = text.xcconfig; name = "Pods-FamHub.debug.xcconfig"; path = "Pods/Target Support Files/Pods-FamHub/Pods-FamHub.debug.xcconfig"; sourceTree = "<group>"; };
/* End PBXFileReference section */

/* Begin PBXFrameworksBuildPhase section */
		1BE1CFEC23231B6700EC3FD2 /* Frameworks */ = {
			isa = PBXFrameworksBuildPhase;
			buildActionMask = 2147483647;
			files = (
				B92ED7A4BE9A93647A07B86B /* Pods_FamHub.framework in Frameworks */,
			);
			runOnlyForDeploymentPostprocessing = 0;
		};
		1BE1D00023231B6A00EC3FD2 /* Frameworks */ = {
			isa = PBXFrameworksBuildPhase;
			buildActionMask = 2147483647;
			files = (
			);
			runOnlyForDeploymentPostprocessing = 0;
		};
		1BE1D00B23231B6A00EC3FD2 /* Frameworks */ = {
			isa = PBXFrameworksBuildPhase;
			buildActionMask = 2147483647;
			files = (
			);
			runOnlyForDeploymentPostprocessing = 0;
		};
/* End PBXFrameworksBuildPhase section */

/* Begin PBXGroup section */
		1B7299C023286DDE00218BBF /* Views */ = {
			isa = PBXGroup;
			children = (
				1BE1CFF423231B6700EC3FD2 /* Lists_VC.swift */,
				1B7299C12329642A00218BBF /* ListCellView.swift */,
				1B0E8CD12329A8C7005DCE3E /* AddListModal_VC.swift */,
				1B0E8CD32329C378005DCE3E /* DesignableView.swift */,
				1B0E8CD5232ABB87005DCE3E /* ListDetail_VC.swift */,
				1B0E8CD7232AD67A005DCE3E /* TaskCellView.swift */,
			);
			path = Views;
			sourceTree = "<group>";
		};
		1BE0BBA12326D99B00B18F20 /* Model */ = {
			isa = PBXGroup;
			children = (
				1BE0BBA22326DBC400B18F20 /* Task.swift */,
				1BE0BBA42327233100B18F20 /* List.swift */,
				1BE0BBA823272B7600B18F20 /* ListManager.swift */,
			);
			path = Model;
			sourceTree = "<group>";
		};
		1BE1CFE623231B6700EC3FD2 = {
			isa = PBXGroup;
			children = (
				1BE1CFF123231B6700EC3FD2 /* FamHub */,
				1BE1D00623231B6A00EC3FD2 /* FamHubTests */,
				1BE1D01123231B6A00EC3FD2 /* FamHubUITests */,
				1BE1CFF023231B6700EC3FD2 /* Products */,
				E4365AE63068B5FCA1CED07E /* Pods */,
				91986B4515488B1A4B0BA6B5 /* Frameworks */,
			);
			sourceTree = "<group>";
		};
		1BE1CFF023231B6700EC3FD2 /* Products */ = {
			isa = PBXGroup;
			children = (
				1BE1CFEF23231B6700EC3FD2 /* FamHub.app */,
				1BE1D00323231B6A00EC3FD2 /* FamHubTests.xctest */,
				1BE1D00E23231B6A00EC3FD2 /* FamHubUITests.xctest */,
			);
			name = Products;
			sourceTree = "<group>";
		};
		1BE1CFF123231B6700EC3FD2 /* FamHub */ = {
			isa = PBXGroup;
			children = (
				1B7299C023286DDE00218BBF /* Views */,
				1BE0BBA12326D99B00B18F20 /* Model */,
				1BE1D02023231BA600EC3FD2 /* Service */,
				1BE1CFF223231B6700EC3FD2 /* AppDelegate.swift */,
				1BE1CFF623231B6700EC3FD2 /* Main.storyboard */,
				1BE1CFF923231B6A00EC3FD2 /* Assets.xcassets */,
				1BE1CFFB23231B6A00EC3FD2 /* LaunchScreen.storyboard */,
				1BE1CFFE23231B6A00EC3FD2 /* Info.plist */,
			);
			path = FamHub;
			sourceTree = "<group>";
		};
		1BE1D00623231B6A00EC3FD2 /* FamHubTests */ = {
			isa = PBXGroup;
			children = (
				1BE1D00723231B6A00EC3FD2 /* FamHubTests.swift */,
				1BE1D00923231B6A00EC3FD2 /* Info.plist */,
			);
			path = FamHubTests;
			sourceTree = "<group>";
		};
		1BE1D01123231B6A00EC3FD2 /* FamHubUITests */ = {
			isa = PBXGroup;
			children = (
				1BE1D01223231B6A00EC3FD2 /* FamHubUITests.swift */,
				1BE1D01423231B6A00EC3FD2 /* Info.plist */,
			);
			path = FamHubUITests;
			sourceTree = "<group>";
		};
		1BE1D02023231BA600EC3FD2 /* Service */ = {
			isa = PBXGroup;
			children = (
				1BE1D025232481A500EC3FD2 /* NetworkOperation.swift */,
			);
			path = Service;
			sourceTree = "<group>";
		};
		91986B4515488B1A4B0BA6B5 /* Frameworks */ = {
			isa = PBXGroup;
			children = (
				6A0C554C12B2D966D932C3DF /* Pods_FamHub.framework */,
			);
			name = Frameworks;
			sourceTree = "<group>";
		};
		E4365AE63068B5FCA1CED07E /* Pods */ = {
			isa = PBXGroup;
			children = (
				FC8B1DC8F5B7EB0F6F1ABD8D /* Pods-FamHub.debug.xcconfig */,
				EEF8061492D5E261AB27E562 /* Pods-FamHub.release.xcconfig */,
			);
			name = Pods;
			sourceTree = "<group>";
		};
/* End PBXGroup section */

/* Begin PBXNativeTarget section */
		1BE1CFEE23231B6700EC3FD2 /* FamHub */ = {
			isa = PBXNativeTarget;
			buildConfigurationList = 1BE1D01723231B6A00EC3FD2 /* Build configuration list for PBXNativeTarget "FamHub" */;
			buildPhases = (
				669CE89B06AD73326E42B59C /* [CP] Check Pods Manifest.lock */,
				1BE1CFEB23231B6700EC3FD2 /* Sources */,
				1BE1CFEC23231B6700EC3FD2 /* Frameworks */,
				1BE1CFED23231B6700EC3FD2 /* Resources */,
				D8E6470490BEDF398B46599E /* [CP] Embed Pods Frameworks */,
			);
			buildRules = (
			);
			dependencies = (
			);
			name = FamHub;
			productName = FamHub;
			productReference = 1BE1CFEF23231B6700EC3FD2 /* FamHub.app */;
			productType = "com.apple.product-type.application";
		};
		1BE1D00223231B6A00EC3FD2 /* FamHubTests */ = {
			isa = PBXNativeTarget;
			buildConfigurationList = 1BE1D01A23231B6A00EC3FD2 /* Build configuration list for PBXNativeTarget "FamHubTests" */;
			buildPhases = (
				1BE1CFFF23231B6A00EC3FD2 /* Sources */,
				1BE1D00023231B6A00EC3FD2 /* Frameworks */,
				1BE1D00123231B6A00EC3FD2 /* Resources */,
			);
			buildRules = (
			);
			dependencies = (
				1BE1D00523231B6A00EC3FD2 /* PBXTargetDependency */,
			);
			name = FamHubTests;
			productName = FamHubTests;
			productReference = 1BE1D00323231B6A00EC3FD2 /* FamHubTests.xctest */;
			productType = "com.apple.product-type.bundle.unit-test";
		};
		1BE1D00D23231B6A00EC3FD2 /* FamHubUITests */ = {
			isa = PBXNativeTarget;
			buildConfigurationList = 1BE1D01D23231B6A00EC3FD2 /* Build configuration list for PBXNativeTarget "FamHubUITests" */;
			buildPhases = (
				1BE1D00A23231B6A00EC3FD2 /* Sources */,
				1BE1D00B23231B6A00EC3FD2 /* Frameworks */,
				1BE1D00C23231B6A00EC3FD2 /* Resources */,
			);
			buildRules = (
			);
			dependencies = (
				1BE1D01023231B6A00EC3FD2 /* PBXTargetDependency */,
			);
			name = FamHubUITests;
			productName = FamHubUITests;
			productReference = 1BE1D00E23231B6A00EC3FD2 /* FamHubUITests.xctest */;
			productType = "com.apple.product-type.bundle.ui-testing";
		};
/* End PBXNativeTarget section */

/* Begin PBXProject section */
		1BE1CFE723231B6700EC3FD2 /* Project object */ = {
			isa = PBXProject;
			attributes = {
				LastSwiftUpdateCheck = 1030;
				LastUpgradeCheck = 1030;
				ORGANIZATIONNAME = "StackRank, LLC";
				TargetAttributes = {
					1BE1CFEE23231B6700EC3FD2 = {
						CreatedOnToolsVersion = 10.3;
					};
					1BE1D00223231B6A00EC3FD2 = {
						CreatedOnToolsVersion = 10.3;
						TestTargetID = 1BE1CFEE23231B6700EC3FD2;
					};
					1BE1D00D23231B6A00EC3FD2 = {
						CreatedOnToolsVersion = 10.3;
						TestTargetID = 1BE1CFEE23231B6700EC3FD2;
					};
				};
			};
			buildConfigurationList = 1BE1CFEA23231B6700EC3FD2 /* Build configuration list for PBXProject "FamHub" */;
			compatibilityVersion = "Xcode 9.3";
			developmentRegion = en;
			hasScannedForEncodings = 0;
			knownRegions = (
				en,
				Base,
			);
			mainGroup = 1BE1CFE623231B6700EC3FD2;
			productRefGroup = 1BE1CFF023231B6700EC3FD2 /* Products */;
			projectDirPath = "";
			projectRoot = "";
			targets = (
				1BE1CFEE23231B6700EC3FD2 /* FamHub */,
				1BE1D00223231B6A00EC3FD2 /* FamHubTests */,
				1BE1D00D23231B6A00EC3FD2 /* FamHubUITests */,
			);
		};
/* End PBXProject section */

/* Begin PBXResourcesBuildPhase section */
		1BE1CFED23231B6700EC3FD2 /* Resources */ = {
			isa = PBXResourcesBuildPhase;
			buildActionMask = 2147483647;
			files = (
				1BE1CFFD23231B6A00EC3FD2 /* LaunchScreen.storyboard in Resources */,
				1BE1CFFA23231B6A00EC3FD2 /* Assets.xcassets in Resources */,
				1BE1CFF823231B6700EC3FD2 /* Main.storyboard in Resources */,
			);
			runOnlyForDeploymentPostprocessing = 0;
		};
		1BE1D00123231B6A00EC3FD2 /* Resources */ = {
			isa = PBXResourcesBuildPhase;
			buildActionMask = 2147483647;
			files = (
			);
			runOnlyForDeploymentPostprocessing = 0;
		};
		1BE1D00C23231B6A00EC3FD2 /* Resources */ = {
			isa = PBXResourcesBuildPhase;
			buildActionMask = 2147483647;
			files = (
			);
			runOnlyForDeploymentPostprocessing = 0;
		};
/* End PBXResourcesBuildPhase section */

/* Begin PBXShellScriptBuildPhase section */
		669CE89B06AD73326E42B59C /* [CP] Check Pods Manifest.lock */ = {
			isa = PBXShellScriptBuildPhase;
			buildActionMask = 2147483647;
			files = (
			);
			inputPaths = (
				"${PODS_PODFILE_DIR_PATH}/Podfile.lock",
				"${PODS_ROOT}/Manifest.lock",
			);
			name = "[CP] Check Pods Manifest.lock";
			outputPaths = (
				"$(DERIVED_FILE_DIR)/Pods-FamHub-checkManifestLockResult.txt",
			);
			runOnlyForDeploymentPostprocessing = 0;
			shellPath = /bin/sh;
			shellScript = "diff \"${PODS_PODFILE_DIR_PATH}/Podfile.lock\" \"${PODS_ROOT}/Manifest.lock\" > /dev/null\nif [ $? != 0 ] ; then\n    # print error to STDERR\n    echo \"error: The sandbox is not in sync with the Podfile.lock. Run 'pod install' or update your CocoaPods installation.\" >&2\n    exit 1\nfi\n# This output is used by Xcode 'outputs' to avoid re-running this script phase.\necho \"SUCCESS\" > \"${SCRIPT_OUTPUT_FILE_0}\"\n";
			showEnvVarsInLog = 0;
		};
		D8E6470490BEDF398B46599E /* [CP] Embed Pods Frameworks */ = {
			isa = PBXShellScriptBuildPhase;
			buildActionMask = 2147483647;
			files = (
			);
			inputPaths = (
				"${SRCROOT}/Pods/Target Support Files/Pods-FamHub/Pods-FamHub-frameworks.sh",
				"${BUILT_PRODUCTS_DIR}/Floaty/Floaty.framework",
			);
			name = "[CP] Embed Pods Frameworks";
			outputPaths = (
				"${TARGET_BUILD_DIR}/${FRAMEWORKS_FOLDER_PATH}/Floaty.framework",
			);
			runOnlyForDeploymentPostprocessing = 0;
			shellPath = /bin/sh;
			shellScript = "\"${SRCROOT}/Pods/Target Support Files/Pods-FamHub/Pods-FamHub-frameworks.sh\"\n";
			showEnvVarsInLog = 0;
		};
/* End PBXShellScriptBuildPhase section */

/* Begin PBXSourcesBuildPhase section */
		1BE1CFEB23231B6700EC3FD2 /* Sources */ = {
			isa = PBXSourcesBuildPhase;
			buildActionMask = 2147483647;
			files = (
				1B0E8CD8232AD67A005DCE3E /* TaskCellView.swift in Sources */,
				1BE0BBA32326DBC400B18F20 /* Task.swift in Sources */,
				1B7299C22329642A00218BBF /* ListCellView.swift in Sources */,
				1BE0BBA923272B7600B18F20 /* ListManager.swift in Sources */,
				1BE1CFF523231B6700EC3FD2 /* Lists_VC.swift in Sources */,
				1B0E8CD22329A8C7005DCE3E /* AddListModal_VC.swift in Sources */,
				1BE1D026232481A500EC3FD2 /* NetworkOperation.swift in Sources */,
				1BE0BBA52327233100B18F20 /* List.swift in Sources */,
				1BE1CFF323231B6700EC3FD2 /* AppDelegate.swift in Sources */,
				1B0E8CD42329C378005DCE3E /* DesignableView.swift in Sources */,
				1B0E8CD6232ABB87005DCE3E /* ListDetail_VC.swift in Sources */,
			);
			runOnlyForDeploymentPostprocessing = 0;
		};
		1BE1CFFF23231B6A00EC3FD2 /* Sources */ = {
			isa = PBXSourcesBuildPhase;
			buildActionMask = 2147483647;
			files = (
				1BE1D00823231B6A00EC3FD2 /* FamHubTests.swift in Sources */,
			);
			runOnlyForDeploymentPostprocessing = 0;
		};
		1BE1D00A23231B6A00EC3FD2 /* Sources */ = {
			isa = PBXSourcesBuildPhase;
			buildActionMask = 2147483647;
			files = (
				1BE1D01323231B6A00EC3FD2 /* FamHubUITests.swift in Sources */,
			);
			runOnlyForDeploymentPostprocessing = 0;
		};
/* End PBXSourcesBuildPhase section */

/* Begin PBXTargetDependency section */
		1BE1D00523231B6A00EC3FD2 /* PBXTargetDependency */ = {
			isa = PBXTargetDependency;
			target = 1BE1CFEE23231B6700EC3FD2 /* FamHub */;
			targetProxy = 1BE1D00423231B6A00EC3FD2 /* PBXContainerItemProxy */;
		};
		1BE1D01023231B6A00EC3FD2 /* PBXTargetDependency */ = {
			isa = PBXTargetDependency;
			target = 1BE1CFEE23231B6700EC3FD2 /* FamHub */;
			targetProxy = 1BE1D00F23231B6A00EC3FD2 /* PBXContainerItemProxy */;
		};
/* End PBXTargetDependency section */

/* Begin PBXVariantGroup section */
		1BE1CFF623231B6700EC3FD2 /* Main.storyboard */ = {
			isa = PBXVariantGroup;
			children = (
				1BE1CFF723231B6700EC3FD2 /* Base */,
			);
			name = Main.storyboard;
			sourceTree = "<group>";
		};
		1BE1CFFB23231B6A00EC3FD2 /* LaunchScreen.storyboard */ = {
			isa = PBXVariantGroup;
			children = (
				1BE1CFFC23231B6A00EC3FD2 /* Base */,
			);
			name = LaunchScreen.storyboard;
			sourceTree = "<group>";
		};
/* End PBXVariantGroup section */

/* Begin XCBuildConfiguration section */
		1BE1D01523231B6A00EC3FD2 /* Debug */ = {
			isa = XCBuildConfiguration;
			buildSettings = {
				ALWAYS_SEARCH_USER_PATHS = NO;
				CLANG_ANALYZER_NONNULL = YES;
				CLANG_ANALYZER_NUMBER_OBJECT_CONVERSION = YES_AGGRESSIVE;
				CLANG_CXX_LANGUAGE_STANDARD = "gnu++14";
				CLANG_CXX_LIBRARY = "libc++";
				CLANG_ENABLE_MODULES = YES;
				CLANG_ENABLE_OBJC_ARC = YES;
				CLANG_ENABLE_OBJC_WEAK = YES;
				CLANG_WARN_BLOCK_CAPTURE_AUTORELEASING = YES;
				CLANG_WARN_BOOL_CONVERSION = YES;
				CLANG_WARN_COMMA = YES;
				CLANG_WARN_CONSTANT_CONVERSION = YES;
				CLANG_WARN_DEPRECATED_OBJC_IMPLEMENTATIONS = YES;
				CLANG_WARN_DIRECT_OBJC_ISA_USAGE = YES_ERROR;
				CLANG_WARN_DOCUMENTATION_COMMENTS = YES;
				CLANG_WARN_EMPTY_BODY = YES;
				CLANG_WARN_ENUM_CONVERSION = YES;
				CLANG_WARN_INFINITE_RECURSION = YES;
				CLANG_WARN_INT_CONVERSION = YES;
				CLANG_WARN_NON_LITERAL_NULL_CONVERSION = YES;
				CLANG_WARN_OBJC_IMPLICIT_RETAIN_SELF = YES;
				CLANG_WARN_OBJC_LITERAL_CONVERSION = YES;
				CLANG_WARN_OBJC_ROOT_CLASS = YES_ERROR;
				CLANG_WARN_RANGE_LOOP_ANALYSIS = YES;
				CLANG_WARN_STRICT_PROTOTYPES = YES;
				CLANG_WARN_SUSPICIOUS_MOVE = YES;
				CLANG_WARN_UNGUARDED_AVAILABILITY = YES_AGGRESSIVE;
				CLANG_WARN_UNREACHABLE_CODE = YES;
				CLANG_WARN__DUPLICATE_METHOD_MATCH = YES;
				CODE_SIGN_IDENTITY = "iPhone Developer";
				COPY_PHASE_STRIP = NO;
				DEBUG_INFORMATION_FORMAT = dwarf;
				ENABLE_STRICT_OBJC_MSGSEND = YES;
				ENABLE_TESTABILITY = YES;
				GCC_C_LANGUAGE_STANDARD = gnu11;
				GCC_DYNAMIC_NO_PIC = NO;
				GCC_NO_COMMON_BLOCKS = YES;
				GCC_OPTIMIZATION_LEVEL = 0;
				GCC_PREPROCESSOR_DEFINITIONS = (
					"DEBUG=1",
					"$(inherited)",
				);
				GCC_WARN_64_TO_32_BIT_CONVERSION = YES;
				GCC_WARN_ABOUT_RETURN_TYPE = YES_ERROR;
				GCC_WARN_UNDECLARED_SELECTOR = YES;
				GCC_WARN_UNINITIALIZED_AUTOS = YES_AGGRESSIVE;
				GCC_WARN_UNUSED_FUNCTION = YES;
				GCC_WARN_UNUSED_VARIABLE = YES;
				IPHONEOS_DEPLOYMENT_TARGET = 12.4;
				MTL_ENABLE_DEBUG_INFO = INCLUDE_SOURCE;
				MTL_FAST_MATH = YES;
				ONLY_ACTIVE_ARCH = YES;
				SDKROOT = iphoneos;
				SWIFT_ACTIVE_COMPILATION_CONDITIONS = DEBUG;
				SWIFT_OPTIMIZATION_LEVEL = "-Onone";
			};
			name = Debug;
		};
		1BE1D01623231B6A00EC3FD2 /* Release */ = {
			isa = XCBuildConfiguration;
			buildSettings = {
				ALWAYS_SEARCH_USER_PATHS = NO;
				CLANG_ANALYZER_NONNULL = YES;
				CLANG_ANALYZER_NUMBER_OBJECT_CONVERSION = YES_AGGRESSIVE;
				CLANG_CXX_LANGUAGE_STANDARD = "gnu++14";
				CLANG_CXX_LIBRARY = "libc++";
				CLANG_ENABLE_MODULES = YES;
				CLANG_ENABLE_OBJC_ARC = YES;
				CLANG_ENABLE_OBJC_WEAK = YES;
				CLANG_WARN_BLOCK_CAPTURE_AUTORELEASING = YES;
				CLANG_WARN_BOOL_CONVERSION = YES;
				CLANG_WARN_COMMA = YES;
				CLANG_WARN_CONSTANT_CONVERSION = YES;
				CLANG_WARN_DEPRECATED_OBJC_IMPLEMENTATIONS = YES;
				CLANG_WARN_DIRECT_OBJC_ISA_USAGE = YES_ERROR;
				CLANG_WARN_DOCUMENTATION_COMMENTS = YES;
				CLANG_WARN_EMPTY_BODY = YES;
				CLANG_WARN_ENUM_CONVERSION = YES;
				CLANG_WARN_INFINITE_RECURSION = YES;
				CLANG_WARN_INT_CONVERSION = YES;
				CLANG_WARN_NON_LITERAL_NULL_CONVERSION = YES;
				CLANG_WARN_OBJC_IMPLICIT_RETAIN_SELF = YES;
				CLANG_WARN_OBJC_LITERAL_CONVERSION = YES;
				CLANG_WARN_OBJC_ROOT_CLASS = YES_ERROR;
				CLANG_WARN_RANGE_LOOP_ANALYSIS = YES;
				CLANG_WARN_STRICT_PROTOTYPES = YES;
				CLANG_WARN_SUSPICIOUS_MOVE = YES;
				CLANG_WARN_UNGUARDED_AVAILABILITY = YES_AGGRESSIVE;
				CLANG_WARN_UNREACHABLE_CODE = YES;
				CLANG_WARN__DUPLICATE_METHOD_MATCH = YES;
				CODE_SIGN_IDENTITY = "iPhone Developer";
				COPY_PHASE_STRIP = NO;
				DEBUG_INFORMATION_FORMAT = "dwarf-with-dsym";
				ENABLE_NS_ASSERTIONS = NO;
				ENABLE_STRICT_OBJC_MSGSEND = YES;
				GCC_C_LANGUAGE_STANDARD = gnu11;
				GCC_NO_COMMON_BLOCKS = YES;
				GCC_WARN_64_TO_32_BIT_CONVERSION = YES;
				GCC_WARN_ABOUT_RETURN_TYPE = YES_ERROR;
				GCC_WARN_UNDECLARED_SELECTOR = YES;
				GCC_WARN_UNINITIALIZED_AUTOS = YES_AGGRESSIVE;
				GCC_WARN_UNUSED_FUNCTION = YES;
				GCC_WARN_UNUSED_VARIABLE = YES;
				IPHONEOS_DEPLOYMENT_TARGET = 12.4;
				MTL_ENABLE_DEBUG_INFO = NO;
				MTL_FAST_MATH = YES;
				SDKROOT = iphoneos;
				SWIFT_COMPILATION_MODE = wholemodule;
				SWIFT_OPTIMIZATION_LEVEL = "-O";
				VALIDATE_PRODUCT = YES;
			};
			name = Release;
		};
		1BE1D01823231B6A00EC3FD2 /* Debug */ = {
			isa = XCBuildConfiguration;
			baseConfigurationReference = FC8B1DC8F5B7EB0F6F1ABD8D /* Pods-FamHub.debug.xcconfig */;
			buildSettings = {
				ASSETCATALOG_COMPILER_APPICON_NAME = AppIcon;
				CODE_SIGN_STYLE = Automatic;
				DEVELOPMENT_TEAM = EQV3T7S72N;
				INFOPLIST_FILE = FamHub/Info.plist;
				LD_RUNPATH_SEARCH_PATHS = (
					"$(inherited)",
					"@executable_path/Frameworks",
				);
				PRODUCT_BUNDLE_IDENTIFIER = stackrank.FamHub;
				PRODUCT_NAME = "$(TARGET_NAME)";
				SWIFT_VERSION = 5.0;
				TARGETED_DEVICE_FAMILY = "1,2";
			};
			name = Debug;
		};
		1BE1D01923231B6A00EC3FD2 /* Release */ = {
			isa = XCBuildConfiguration;
			baseConfigurationReference = EEF8061492D5E261AB27E562 /* Pods-FamHub.release.xcconfig */;
			buildSettings = {
				ASSETCATALOG_COMPILER_APPICON_NAME = AppIcon;
				CODE_SIGN_STYLE = Automatic;
				DEVELOPMENT_TEAM = EQV3T7S72N;
				INFOPLIST_FILE = FamHub/Info.plist;
				LD_RUNPATH_SEARCH_PATHS = (
					"$(inherited)",
					"@executable_path/Frameworks",
				);
				PRODUCT_BUNDLE_IDENTIFIER = stackrank.FamHub;
				PRODUCT_NAME = "$(TARGET_NAME)";
				SWIFT_VERSION = 5.0;
				TARGETED_DEVICE_FAMILY = "1,2";
			};
			name = Release;
		};
		1BE1D01B23231B6A00EC3FD2 /* Debug */ = {
			isa = XCBuildConfiguration;
			buildSettings = {
				ALWAYS_EMBED_SWIFT_STANDARD_LIBRARIES = YES;
				BUNDLE_LOADER = "$(TEST_HOST)";
				CODE_SIGN_STYLE = Automatic;
				DEVELOPMENT_TEAM = EQV3T7S72N;
				INFOPLIST_FILE = FamHubTests/Info.plist;
				LD_RUNPATH_SEARCH_PATHS = (
					"$(inherited)",
					"@executable_path/Frameworks",
					"@loader_path/Frameworks",
				);
				PRODUCT_BUNDLE_IDENTIFIER = stackrank.FamHubTests;
				PRODUCT_NAME = "$(TARGET_NAME)";
				SWIFT_VERSION = 5.0;
				TARGETED_DEVICE_FAMILY = "1,2";
				TEST_HOST = "$(BUILT_PRODUCTS_DIR)/FamHub.app/FamHub";
			};
			name = Debug;
		};
		1BE1D01C23231B6A00EC3FD2 /* Release */ = {
			isa = XCBuildConfiguration;
			buildSettings = {
				ALWAYS_EMBED_SWIFT_STANDARD_LIBRARIES = YES;
				BUNDLE_LOADER = "$(TEST_HOST)";
				CODE_SIGN_STYLE = Automatic;
				DEVELOPMENT_TEAM = EQV3T7S72N;
				INFOPLIST_FILE = FamHubTests/Info.plist;
				LD_RUNPATH_SEARCH_PATHS = (
					"$(inherited)",
					"@executable_path/Frameworks",
					"@loader_path/Frameworks",
				);
				PRODUCT_BUNDLE_IDENTIFIER = stackrank.FamHubTests;
				PRODUCT_NAME = "$(TARGET_NAME)";
				SWIFT_VERSION = 5.0;
				TARGETED_DEVICE_FAMILY = "1,2";
				TEST_HOST = "$(BUILT_PRODUCTS_DIR)/FamHub.app/FamHub";
			};
			name = Release;
		};
		1BE1D01E23231B6A00EC3FD2 /* Debug */ = {
			isa = XCBuildConfiguration;
			buildSettings = {
				ALWAYS_EMBED_SWIFT_STANDARD_LIBRARIES = YES;
				CODE_SIGN_STYLE = Automatic;
				DEVELOPMENT_TEAM = EQV3T7S72N;
				INFOPLIST_FILE = FamHubUITests/Info.plist;
				LD_RUNPATH_SEARCH_PATHS = (
					"$(inherited)",
					"@executable_path/Frameworks",
					"@loader_path/Frameworks",
				);
				PRODUCT_BUNDLE_IDENTIFIER = stackrank.FamHubUITests;
				PRODUCT_NAME = "$(TARGET_NAME)";
				SWIFT_VERSION = 5.0;
				TARGETED_DEVICE_FAMILY = "1,2";
				TEST_TARGET_NAME = FamHub;
			};
			name = Debug;
		};
		1BE1D01F23231B6A00EC3FD2 /* Release */ = {
			isa = XCBuildConfiguration;
			buildSettings = {
				ALWAYS_EMBED_SWIFT_STANDARD_LIBRARIES = YES;
				CODE_SIGN_STYLE = Automatic;
				DEVELOPMENT_TEAM = EQV3T7S72N;
				INFOPLIST_FILE = FamHubUITests/Info.plist;
				LD_RUNPATH_SEARCH_PATHS = (
					"$(inherited)",
					"@executable_path/Frameworks",
					"@loader_path/Frameworks",
				);
				PRODUCT_BUNDLE_IDENTIFIER = stackrank.FamHubUITests;
				PRODUCT_NAME = "$(TARGET_NAME)";
				SWIFT_VERSION = 5.0;
				TARGETED_DEVICE_FAMILY = "1,2";
				TEST_TARGET_NAME = FamHub;
			};
			name = Release;
		};
/* End XCBuildConfiguration section */

/* Begin XCConfigurationList section */
		1BE1CFEA23231B6700EC3FD2 /* Build configuration list for PBXProject "FamHub" */ = {
			isa = XCConfigurationList;
			buildConfigurations = (
				1BE1D01523231B6A00EC3FD2 /* Debug */,
				1BE1D01623231B6A00EC3FD2 /* Release */,
			);
			defaultConfigurationIsVisible = 0;
			defaultConfigurationName = Release;
		};
		1BE1D01723231B6A00EC3FD2 /* Build configuration list for PBXNativeTarget "FamHub" */ = {
			isa = XCConfigurationList;
			buildConfigurations = (
				1BE1D01823231B6A00EC3FD2 /* Debug */,
				1BE1D01923231B6A00EC3FD2 /* Release */,
			);
			defaultConfigurationIsVisible = 0;
			defaultConfigurationName = Release;
		};
		1BE1D01A23231B6A00EC3FD2 /* Build configuration list for PBXNativeTarget "FamHubTests" */ = {
			isa = XCConfigurationList;
			buildConfigurations = (
				1BE1D01B23231B6A00EC3FD2 /* Debug */,
				1BE1D01C23231B6A00EC3FD2 /* Release */,
			);
			defaultConfigurationIsVisible = 0;
			defaultConfigurationName = Release;
		};
		1BE1D01D23231B6A00EC3FD2 /* Build configuration list for PBXNativeTarget "FamHubUITests" */ = {
			isa = XCConfigurationList;
			buildConfigurations = (
				1BE1D01E23231B6A00EC3FD2 /* Debug */,
				1BE1D01F23231B6A00EC3FD2 /* Release */,
			);
			defaultConfigurationIsVisible = 0;
			defaultConfigurationName = Release;
		};
/* End XCConfigurationList section */
	};
	rootObject = 1BE1CFE723231B6700EC3FD2 /* Project object */;
}
